
Microsoft Visual Studio Solution File, Format Version 12.00
# Visual Studio Version 17
VisualStudioVersion = 17.8.34330.188
MinimumVisualStudioVersion = 10.0.40219.1
Project("{FAE04EC0-301F-11D3-BF4B-00C04F79EFBC}") = "Baitap", "Baitap\Baitap.csproj", "{B581AE39-F423-40FC-AE5F-D094E3264814}"
EndProject
Global
	GlobalSection(SolutionConfigurationPlatforms) = preSolution
		Debug|Any CPU = Debug|Any CPU
		Release|Any CPU = Release|Any CPU
	EndGlobalSection
	GlobalSection(ProjectConfigurationPlatforms) = postSolution
		{B581AE39-F423-40FC-AE5F-D094E3264814}.Debug|Any CPU.ActiveCfg = Debug|Any CPU
		{B581AE39-F423-40FC-AE5F-D094E3264814}.Debug|Any CPU.Build.0 = Debug|Any CPU
		{B581AE39-F423-40FC-AE5F-D094E3264814}.Release|Any CPU.ActiveCfg = Release|Any CPU
		{B581AE39-F423-40FC-AE5F-D094E3264814}.Release|Any CPU.Build.0 = Release|Any CPU
	EndGlobalSection
	GlobalSection(SolutionProperties) = preSolution
		HideSolutionNode = FALSE
	EndGlobalSection
	GlobalSection(ExtensibilityGlobals) = postSolution
		SolutionGuid = {18942D9A-6522-452A-84BB-1C918005E30A}
	EndGlobalSection
EndGlobal
