
Microsoft Visual Studio Solution File, Format Version 12.00
# Visual Studio Version 17
VisualStudioVersion = 17.8.34330.188
MinimumVisualStudioVersion = 10.0.40219.1
Project("{FAE04EC0-301F-11D3-BF4B-00C04F79EFBC}") = "ConsoleApp1", "ConsoleApp1\ConsoleApp1.csproj", "{818359E8-7DF8-42F6-B8E8-C024D382A8EE}"
EndProject
Global
	GlobalSection(SolutionConfigurationPlatforms) = preSolution
		Debug|Any CPU = Debug|Any CPU
		Release|Any CPU = Release|Any CPU
	EndGlobalSection
	GlobalSection(ProjectConfigurationPlatforms) = postSolution
		{818359E8-7DF8-42F6-B8E8-C024D382A8EE}.Debug|Any CPU.ActiveCfg = Debug|Any CPU
		{818359E8-7DF8-42F6-B8E8-C024D382A8EE}.Debug|Any CPU.Build.0 = Debug|Any CPU
		{818359E8-7DF8-42F6-B8E8-C024D382A8EE}.Release|Any CPU.ActiveCfg = Release|Any CPU
		{818359E8-7DF8-42F6-B8E8-C024D382A8EE}.Release|Any CPU.Build.0 = Release|Any CPU
	EndGlobalSection
	GlobalSection(SolutionProperties) = preSolution
		HideSolutionNode = FALSE
	EndGlobalSection
	GlobalSection(ExtensibilityGlobals) = postSolution
		SolutionGuid = {D056FB92-5077-43C6-8308-D6E43A1AC833}
	EndGlobalSection
EndGlobal
