
Microsoft Visual Studio Solution File, Format Version 12.00
# Visual Studio Version 17
VisualStudioVersion = 17.8.34330.188
MinimumVisualStudioVersion = 10.0.40219.1
Project("{9A19103F-16F7-4668-BE54-9A1E7A4F7556}") = "Console_Slot2", "Console_Slot2\Console_Slot2.csproj", "{14C3C9FA-198C-42E0-8974-9BBA25FD48FA}"
EndProject
Project("{9A19103F-16F7-4668-BE54-9A1E7A4F7556}") = "Library", "Library\Library.csproj", "{116B5443-BCE1-480F-968D-D183355B4B67}"
EndProject
Project("{FAE04EC0-301F-11D3-BF4B-00C04F79EFBC}") = "Baitap", "Baitap\Baitap.csproj", "{C811EDB5-E3F8-4B8E-9C04-88E8DAA3AA30}"
EndProject
Global
	GlobalSection(SolutionConfigurationPlatforms) = preSolution
		Debug|Any CPU = Debug|Any CPU
		Release|Any CPU = Release|Any CPU
	EndGlobalSection
	GlobalSection(ProjectConfigurationPlatforms) = postSolution
		{14C3C9FA-198C-42E0-8974-9BBA25FD48FA}.Debug|Any CPU.ActiveCfg = Debug|Any CPU
		{14C3C9FA-198C-42E0-8974-9BBA25FD48FA}.Debug|Any CPU.Build.0 = Debug|Any CPU
		{14C3C9FA-198C-42E0-8974-9BBA25FD48FA}.Release|Any CPU.ActiveCfg = Release|Any CPU
		{14C3C9FA-198C-42E0-8974-9BBA25FD48FA}.Release|Any CPU.Build.0 = Release|Any CPU
		{116B5443-BCE1-480F-968D-D183355B4B67}.Debug|Any CPU.ActiveCfg = Debug|Any CPU
		{116B5443-BCE1-480F-968D-D183355B4B67}.Debug|Any CPU.Build.0 = Debug|Any CPU
		{116B5443-BCE1-480F-968D-D183355B4B67}.Release|Any CPU.ActiveCfg = Release|Any CPU
		{116B5443-BCE1-480F-968D-D183355B4B67}.Release|Any CPU.Build.0 = Release|Any CPU
		{C811EDB5-E3F8-4B8E-9C04-88E8DAA3AA30}.Debug|Any CPU.ActiveCfg = Debug|Any CPU
		{C811EDB5-E3F8-4B8E-9C04-88E8DAA3AA30}.Debug|Any CPU.Build.0 = Debug|Any CPU
		{C811EDB5-E3F8-4B8E-9C04-88E8DAA3AA30}.Release|Any CPU.ActiveCfg = Release|Any CPU
		{C811EDB5-E3F8-4B8E-9C04-88E8DAA3AA30}.Release|Any CPU.Build.0 = Release|Any CPU
	EndGlobalSection
	GlobalSection(SolutionProperties) = preSolution
		HideSolutionNode = FALSE
	EndGlobalSection
	GlobalSection(ExtensibilityGlobals) = postSolution
		SolutionGuid = {DCA6A52A-CE48-49AA-894F-2800EF1BF4DB}
	EndGlobalSection
EndGlobal
